
Microsoft Visual Studio Solution File, Format Version 12.00
# Visual Studio Version 17
VisualStudioVersion = 17.7.34024.191
MinimumVisualStudioVersion = 10.0.40219.1
Project("{FAE04EC0-301F-11D3-BF4B-00C04F79EFBC}") = "Csharp_project3", "Csharp_project3.csproj", "{1F81F05E-D721-4AAF-84F0-9F510D034B48}"
EndProject
Global
	GlobalSection(SolutionConfigurationPlatforms) = preSolution
		Debug|Any CPU = Debug|Any CPU
		Release|Any CPU = Release|Any CPU
	EndGlobalSection
	GlobalSection(ProjectConfigurationPlatforms) = postSolution
		{1F81F05E-D721-4AAF-84F0-9F510D034B48}.Debug|Any CPU.ActiveCfg = Debug|Any CPU
		{1F81F05E-D721-4AAF-84F0-9F510D034B48}.Debug|Any CPU.Build.0 = Debug|Any CPU
		{1F81F05E-D721-4AAF-84F0-9F510D034B48}.Release|Any CPU.ActiveCfg = Release|Any CPU
		{1F81F05E-D721-4AAF-84F0-9F510D034B48}.Release|Any CPU.Build.0 = Release|Any CPU
	EndGlobalSection
	GlobalSection(SolutionProperties) = preSolution
		HideSolutionNode = FALSE
	EndGlobalSection
	GlobalSection(ExtensibilityGlobals) = postSolution
		SolutionGuid = {4724EF1F-C93F-4F05-BE81-E1D0D70746D6}
	EndGlobalSection
EndGlobal
