
Microsoft Visual Studio Solution File, Format Version 12.00
# Visual Studio Version 17
VisualStudioVersion = 17.7.34024.191
MinimumVisualStudioVersion = 10.0.40219.1
Project("{FAE04EC0-301F-11D3-BF4B-00C04F79EFBC}") = "Csharp-project2", "Csharp-project2.csproj", "{A017B45F-5BE4-4084-A169-8028306AB77E}"
EndProject
Global
	GlobalSection(SolutionConfigurationPlatforms) = preSolution
		Debug|Any CPU = Debug|Any CPU
		Release|Any CPU = Release|Any CPU
	EndGlobalSection
	GlobalSection(ProjectConfigurationPlatforms) = postSolution
		{A017B45F-5BE4-4084-A169-8028306AB77E}.Debug|Any CPU.ActiveCfg = Debug|Any CPU
		{A017B45F-5BE4-4084-A169-8028306AB77E}.Debug|Any CPU.Build.0 = Debug|Any CPU
		{A017B45F-5BE4-4084-A169-8028306AB77E}.Release|Any CPU.ActiveCfg = Release|Any CPU
		{A017B45F-5BE4-4084-A169-8028306AB77E}.Release|Any CPU.Build.0 = Release|Any CPU
	EndGlobalSection
	GlobalSection(SolutionProperties) = preSolution
		HideSolutionNode = FALSE
	EndGlobalSection
	GlobalSection(ExtensibilityGlobals) = postSolution
		SolutionGuid = {595F797A-15E9-43AF-8DA2-A8ED9F85EB3E}
	EndGlobalSection
EndGlobal
