
Microsoft Visual Studio Solution File, Format Version 12.00
# Visual Studio Version 17
VisualStudioVersion = 17.7.34024.191
MinimumVisualStudioVersion = 10.0.40219.1
Project("{FAE04EC0-301F-11D3-BF4B-00C04F79EFBC}") = "C#project1", "C#project1.csproj", "{460A9C5D-900E-4B49-865B-15C58394BFCC}"
EndProject
Project("{FAE04EC0-301F-11D3-BF4B-00C04F79EFBC}") = "C#project1-2", "..\C#project1-2\C#project1-2.csproj", "{9CBCA771-A43F-43ED-9AB6-AD45E80877F4}"
EndProject
Project("{FAE04EC0-301F-11D3-BF4B-00C04F79EFBC}") = "C#project1-3", "..\C#project1-3\C#project1-3.csproj", "{2907B188-C1DE-4E65-97A1-F4A36A05DA02}"
EndProject
Global
	GlobalSection(SolutionConfigurationPlatforms) = preSolution
		Debug|Any CPU = Debug|Any CPU
		Release|Any CPU = Release|Any CPU
	EndGlobalSection
	GlobalSection(ProjectConfigurationPlatforms) = postSolution
		{460A9C5D-900E-4B49-865B-15C58394BFCC}.Debug|Any CPU.ActiveCfg = Debug|Any CPU
		{460A9C5D-900E-4B49-865B-15C58394BFCC}.Debug|Any CPU.Build.0 = Debug|Any CPU
		{460A9C5D-900E-4B49-865B-15C58394BFCC}.Release|Any CPU.ActiveCfg = Release|Any CPU
		{460A9C5D-900E-4B49-865B-15C58394BFCC}.Release|Any CPU.Build.0 = Release|Any CPU
		{9CBCA771-A43F-43ED-9AB6-AD45E80877F4}.Debug|Any CPU.ActiveCfg = Debug|Any CPU
		{9CBCA771-A43F-43ED-9AB6-AD45E80877F4}.Debug|Any CPU.Build.0 = Debug|Any CPU
		{9CBCA771-A43F-43ED-9AB6-AD45E80877F4}.Release|Any CPU.ActiveCfg = Release|Any CPU
		{9CBCA771-A43F-43ED-9AB6-AD45E80877F4}.Release|Any CPU.Build.0 = Release|Any CPU
		{2907B188-C1DE-4E65-97A1-F4A36A05DA02}.Debug|Any CPU.ActiveCfg = Debug|Any CPU
		{2907B188-C1DE-4E65-97A1-F4A36A05DA02}.Debug|Any CPU.Build.0 = Debug|Any CPU
		{2907B188-C1DE-4E65-97A1-F4A36A05DA02}.Release|Any CPU.ActiveCfg = Release|Any CPU
		{2907B188-C1DE-4E65-97A1-F4A36A05DA02}.Release|Any CPU.Build.0 = Release|Any CPU
	EndGlobalSection
	GlobalSection(SolutionProperties) = preSolution
		HideSolutionNode = FALSE
	EndGlobalSection
	GlobalSection(ExtensibilityGlobals) = postSolution
		SolutionGuid = {77303AD2-D121-44F4-B0BB-B48213301F68}
	EndGlobalSection
EndGlobal
